
Microsoft Visual Studio Solution File, Format Version 12.00
# Visual Studio Version 18
VisualStudioVersion = 18.2.11408.102
MinimumVisualStudioVersion = 10.0.40219.1
Project("{2150E333-8FDC-42A3-9474-1A3956D46DE8}") = "Basis Server", "Basis Server", "{153BDCB8-6E62-4BB4-A8FD-DD4B6A8FB0AE}"
EndProject
Project("{FAE04EC0-301F-11D3-BF4B-00C04F79EFBC}") = "BasisNetworkConsole", "BasisServerConsole\BasisNetworkConsole.csproj", "{712C18D2-47A3-4F21-B61D-97CABDB8134C}"
EndProject
Project("{FAE04EC0-301F-11D3-BF4B-00C04F79EFBC}") = "BasisNetworkClient", "BasisNetworkClient\BasisNetworkClient.csproj", "{C7374CCE-9D17-46A6-86E6-61812A7C52FF}"
EndProject
Project("{FAE04EC0-301F-11D3-BF4B-00C04F79EFBC}") = "BasisNetworkCore", "BasisNetworkCore\BasisNetworkCore.csproj", "{22DCA720-92E8-4AD4-8D9A-2BD4CF4BE898}"
EndProject
Project("{FAE04EC0-301F-11D3-BF4B-00C04F79EFBC}") = "BasisNetworkServer", "BasisNetworkServer\BasisNetworkServer.csproj", "{5A7487D9-3DE5-4A0C-8A55-AF82824E0588}"
EndProject
Project("{FAE04EC0-301F-11D3-BF4B-00C04F79EFBC}") = "LiteNetLib", "LiteNetLib\LiteNetLib.csproj", "{BE757547-04D5-425A-A06C-747E0DBB095F}"
EndProject
Project("{2150E333-8FDC-42A3-9474-1A3956D46DE8}") = "Contrib", "Contrib", "{2EC38097-9623-48A5-96C6-9778D04DDF5C}"
EndProject
Project("{2150E333-8FDC-42A3-9474-1A3956D46DE8}") = "Auth", "Auth", "{0C5DBA52-D785-483D-A2BD-B3B8F2E26215}"
EndProject
Project("{FAE04EC0-301F-11D3-BF4B-00C04F79EFBC}") = "Tests", "Contrib\Auth\Did.Tests\Tests.csproj", "{5FA9501D-B021-413E-B2DD-E35EA69A10E5}"
EndProject
Project("{FAE04EC0-301F-11D3-BF4B-00C04F79EFBC}") = "Did", "Contrib\Auth\Did\Did.csproj", "{877B6F02-8138-431F-99C9-AAE0AC377C8F}"
EndProject
Project("{FAE04EC0-301F-11D3-BF4B-00C04F79EFBC}") = "Tests", "Contrib\Crypto.Tests\Tests.csproj", "{ED5E52BD-B5B8-4AE1-9AB2-14F696439CD3}"
EndProject
Project("{FAE04EC0-301F-11D3-BF4B-00C04F79EFBC}") = "Crypto", "Contrib\Crypto\Crypto.csproj", "{A3AB69F6-7BB6-4AB2-8117-58346B892435}"
EndProject
Project("{2150E333-8FDC-42A3-9474-1A3956D46DE8}") = "Handles", "Handles", "{26746063-DA31-4124-BD82-035D248DD0EB}"
EndProject
Project("{FAE04EC0-301F-11D3-BF4B-00C04F79EFBC}") = "Dns", "Contrib\Handles\Dns\Dns.csproj", "{795F2254-4758-40CF-B508-E087542A59AD}"
EndProject
Project("{FAE04EC0-301F-11D3-BF4B-00C04F79EFBC}") = "Tests", "Contrib\Handles\Dns.Tests\Tests.csproj", "{2C19D6AB-5A44-43DF-958D-EA20B0051711}"
EndProject
Project("{FAE04EC0-301F-11D3-BF4B-00C04F79EFBC}") = "Common", "Contrib\Handles\Common\Common.csproj", "{F3A336BB-330D-4C3B-9B75-C36802DC4162}"
EndProject
Project("{FAE04EC0-301F-11D3-BF4B-00C04F79EFBC}") = "BasisNetworkClientConsole", "BasisNetworkClientConsole\BasisNetworkClientConsole\BasisNetworkClientConsole.csproj", "{8A2A6D2C-250D-08A6-D899-F79F03468658}"
EndProject
Project("{FAE04EC0-301F-11D3-BF4B-00C04F79EFBC}") = "BasisRestApi.Tests", "BasisRestApi.Tests\BasisRestApi.Tests.csproj", "{A1B2C3D4-E5F6-7890-ABCD-EF1234567890}"
EndProject
Project("{FAE04EC0-301F-11D3-BF4B-00C04F79EFBC}") = "PersistentKv", "Contrib\PersistentKv\PersistentKv\PersistentKv.csproj", "{102E1760-EED6-1AC1-20BE-4878DC991C2E}"
EndProject
Project("{FAE04EC0-301F-11D3-BF4B-00C04F79EFBC}") = "PersistentKv.Tests", "Contrib\PersistentKv\PersistentKv.Tests\PersistentKv.Tests.csproj", "{E487A791-718A-7A40-052A-F010BDF16740}"
EndProject
Project("{2150E333-8FDC-42A3-9474-1A3956D46DE8}") = "PersistentKv", "PersistentKv", "{02EA681E-C7D8-13C7-8484-4AC65E1B71E8}"
EndProject
Project("{FAE04EC0-301F-11D3-BF4B-00C04F79EFBC}") = "BasisMqtt", "Plugins\BasisMqtt\BasisMqtt.csproj", "{409F1431-B4B3-4ED8-8FB1-1D0A51121862}"
EndProject
Global
	GlobalSection(SolutionConfigurationPlatforms) = preSolution
		Debug|Any CPU = Debug|Any CPU
		Release|Any CPU = Release|Any CPU
	EndGlobalSection
	GlobalSection(ProjectConfigurationPlatforms) = postSolution
		{712C18D2-47A3-4F21-B61D-97CABDB8134C}.Debug|Any CPU.ActiveCfg = Debug|Any CPU
		{712C18D2-47A3-4F21-B61D-97CABDB8134C}.Debug|Any CPU.Build.0 = Debug|Any CPU
		{712C18D2-47A3-4F21-B61D-97CABDB8134C}.Release|Any CPU.ActiveCfg = Release|Any CPU
		{712C18D2-47A3-4F21-B61D-97CABDB8134C}.Release|Any CPU.Build.0 = Release|Any CPU
		{C7374CCE-9D17-46A6-86E6-61812A7C52FF}.Debug|Any CPU.ActiveCfg = Debug|Any CPU
		{C7374CCE-9D17-46A6-86E6-61812A7C52FF}.Debug|Any CPU.Build.0 = Debug|Any CPU
		{C7374CCE-9D17-46A6-86E6-61812A7C52FF}.Release|Any CPU.ActiveCfg = Release|Any CPU
		{C7374CCE-9D17-46A6-86E6-61812A7C52FF}.Release|Any CPU.Build.0 = Release|Any CPU
		{22DCA720-92E8-4AD4-8D9A-2BD4CF4BE898}.Debug|Any CPU.ActiveCfg = Debug|Any CPU
		{22DCA720-92E8-4AD4-8D9A-2BD4CF4BE898}.Debug|Any CPU.Build.0 = Debug|Any CPU
		{22DCA720-92E8-4AD4-8D9A-2BD4CF4BE898}.Release|Any CPU.ActiveCfg = Release|Any CPU
		{22DCA720-92E8-4AD4-8D9A-2BD4CF4BE898}.Release|Any CPU.Build.0 = Release|Any CPU
		{5A7487D9-3DE5-4A0C-8A55-AF82824E0588}.Debug|Any CPU.ActiveCfg = Debug|Any CPU
		{5A7487D9-3DE5-4A0C-8A55-AF82824E0588}.Debug|Any CPU.Build.0 = Debug|Any CPU
		{5A7487D9-3DE5-4A0C-8A55-AF82824E0588}.Release|Any CPU.ActiveCfg = Release|Any CPU
		{5A7487D9-3DE5-4A0C-8A55-AF82824E0588}.Release|Any CPU.Build.0 = Release|Any CPU
		{BE757547-04D5-425A-A06C-747E0DBB095F}.Debug|Any CPU.ActiveCfg = Debug|Any CPU
		{BE757547-04D5-425A-A06C-747E0DBB095F}.Debug|Any CPU.Build.0 = Debug|Any CPU
		{BE757547-04D5-425A-A06C-747E0DBB095F}.Release|Any CPU.ActiveCfg = Release|Any CPU
		{BE757547-04D5-425A-A06C-747E0DBB095F}.Release|Any CPU.Build.0 = Release|Any CPU
		{5FA9501D-B021-413E-B2DD-E35EA69A10E5}.Debug|Any CPU.ActiveCfg = Debug|Any CPU
		{5FA9501D-B021-413E-B2DD-E35EA69A10E5}.Debug|Any CPU.Build.0 = Debug|Any CPU
		{5FA9501D-B021-413E-B2DD-E35EA69A10E5}.Release|Any CPU.ActiveCfg = Release|Any CPU
		{5FA9501D-B021-413E-B2DD-E35EA69A10E5}.Release|Any CPU.Build.0 = Release|Any CPU
		{877B6F02-8138-431F-99C9-AAE0AC377C8F}.Debug|Any CPU.ActiveCfg = Debug|Any CPU
		{877B6F02-8138-431F-99C9-AAE0AC377C8F}.Debug|Any CPU.Build.0 = Debug|Any CPU
		{877B6F02-8138-431F-99C9-AAE0AC377C8F}.Release|Any CPU.ActiveCfg = Release|Any CPU
		{877B6F02-8138-431F-99C9-AAE0AC377C8F}.Release|Any CPU.Build.0 = Release|Any CPU
		{ED5E52BD-B5B8-4AE1-9AB2-14F696439CD3}.Debug|Any CPU.ActiveCfg = Debug|Any CPU
		{ED5E52BD-B5B8-4AE1-9AB2-14F696439CD3}.Debug|Any CPU.Build.0 = Debug|Any CPU
		{ED5E52BD-B5B8-4AE1-9AB2-14F696439CD3}.Release|Any CPU.ActiveCfg = Release|Any CPU
		{ED5E52BD-B5B8-4AE1-9AB2-14F696439CD3}.Release|Any CPU.Build.0 = Release|Any CPU
		{A3AB69F6-7BB6-4AB2-8117-58346B892435}.Debug|Any CPU.ActiveCfg = Debug|Any CPU
		{A3AB69F6-7BB6-4AB2-8117-58346B892435}.Debug|Any CPU.Build.0 = Debug|Any CPU
		{A3AB69F6-7BB6-4AB2-8117-58346B892435}.Release|Any CPU.ActiveCfg = Release|Any CPU
		{A3AB69F6-7BB6-4AB2-8117-58346B892435}.Release|Any CPU.Build.0 = Release|Any CPU
		{795F2254-4758-40CF-B508-E087542A59AD}.Debug|Any CPU.ActiveCfg = Debug|Any CPU
		{795F2254-4758-40CF-B508-E087542A59AD}.Debug|Any CPU.Build.0 = Debug|Any CPU
		{795F2254-4758-40CF-B508-E087542A59AD}.Release|Any CPU.ActiveCfg = Release|Any CPU
		{795F2254-4758-40CF-B508-E087542A59AD}.Release|Any CPU.Build.0 = Release|Any CPU
		{2C19D6AB-5A44-43DF-958D-EA20B0051711}.Debug|Any CPU.ActiveCfg = Debug|Any CPU
		{2C19D6AB-5A44-43DF-958D-EA20B0051711}.Debug|Any CPU.Build.0 = Debug|Any CPU
		{2C19D6AB-5A44-43DF-958D-EA20B0051711}.Release|Any CPU.ActiveCfg = Release|Any CPU
		{2C19D6AB-5A44-43DF-958D-EA20B0051711}.Release|Any CPU.Build.0 = Release|Any CPU
		{F3A336BB-330D-4C3B-9B75-C36802DC4162}.Debug|Any CPU.ActiveCfg = Debug|Any CPU
		{F3A336BB-330D-4C3B-9B75-C36802DC4162}.Debug|Any CPU.Build.0 = Debug|Any CPU
		{F3A336BB-330D-4C3B-9B75-C36802DC4162}.Release|Any CPU.ActiveCfg = Release|Any CPU
		{F3A336BB-330D-4C3B-9B75-C36802DC4162}.Release|Any CPU.Build.0 = Release|Any CPU
		{8A2A6D2C-250D-08A6-D899-F79F03468658}.Debug|Any CPU.ActiveCfg = Debug|Any CPU
		{8A2A6D2C-250D-08A6-D899-F79F03468658}.Debug|Any CPU.Build.0 = Debug|Any CPU
		{8A2A6D2C-250D-08A6-D899-F79F03468658}.Release|Any CPU.ActiveCfg = Release|Any CPU
		{8A2A6D2C-250D-08A6-D899-F79F03468658}.Release|Any CPU.Build.0 = Release|Any CPU
		{102E1760-EED6-1AC1-20BE-4878DC991C2E}.Debug|Any CPU.ActiveCfg = Debug|Any CPU
		{102E1760-EED6-1AC1-20BE-4878DC991C2E}.Debug|Any CPU.Build.0 = Debug|Any CPU
		{102E1760-EED6-1AC1-20BE-4878DC991C2E}.Release|Any CPU.ActiveCfg = Release|Any CPU
		{102E1760-EED6-1AC1-20BE-4878DC991C2E}.Release|Any CPU.Build.0 = Release|Any CPU
		{E487A791-718A-7A40-052A-F010BDF16740}.Debug|Any CPU.ActiveCfg = Debug|Any CPU
		{E487A791-718A-7A40-052A-F010BDF16740}.Debug|Any CPU.Build.0 = Debug|Any CPU
		{E487A791-718A-7A40-052A-F010BDF16740}.Release|Any CPU.ActiveCfg = Release|Any CPU
		{E487A791-718A-7A40-052A-F010BDF16740}.Release|Any CPU.Build.0 = Release|Any CPU
		{A1B2C3D4-E5F6-7890-ABCD-EF1234567890}.Debug|Any CPU.ActiveCfg = Debug|Any CPU
		{A1B2C3D4-E5F6-7890-ABCD-EF1234567890}.Debug|Any CPU.Build.0 = Debug|Any CPU
		{A1B2C3D4-E5F6-7890-ABCD-EF1234567890}.Release|Any CPU.ActiveCfg = Release|Any CPU
		{A1B2C3D4-E5F6-7890-ABCD-EF1234567890}.Release|Any CPU.Build.0 = Release|Any CPU
		{409F1431-B4B3-4ED8-8FB1-1D0A51121862}.Debug|Any CPU.ActiveCfg = Debug|Any CPU
		{409F1431-B4B3-4ED8-8FB1-1D0A51121862}.Debug|Any CPU.Build.0 = Debug|Any CPU
		{409F1431-B4B3-4ED8-8FB1-1D0A51121862}.Release|Any CPU.ActiveCfg = Release|Any CPU
		{409F1431-B4B3-4ED8-8FB1-1D0A51121862}.Release|Any CPU.Build.0 = Release|Any CPU
	EndGlobalSection
	GlobalSection(SolutionProperties) = preSolution
		HideSolutionNode = FALSE
	EndGlobalSection
	GlobalSection(NestedProjects) = preSolution
		{712C18D2-47A3-4F21-B61D-97CABDB8134C} = {153BDCB8-6E62-4BB4-A8FD-DD4B6A8FB0AE}
		{C7374CCE-9D17-46A6-86E6-61812A7C52FF} = {153BDCB8-6E62-4BB4-A8FD-DD4B6A8FB0AE}
		{22DCA720-92E8-4AD4-8D9A-2BD4CF4BE898} = {153BDCB8-6E62-4BB4-A8FD-DD4B6A8FB0AE}
		{5A7487D9-3DE5-4A0C-8A55-AF82824E0588} = {153BDCB8-6E62-4BB4-A8FD-DD4B6A8FB0AE}
		{BE757547-04D5-425A-A06C-747E0DBB095F} = {153BDCB8-6E62-4BB4-A8FD-DD4B6A8FB0AE}
		{2EC38097-9623-48A5-96C6-9778D04DDF5C} = {153BDCB8-6E62-4BB4-A8FD-DD4B6A8FB0AE}
		{0C5DBA52-D785-483D-A2BD-B3B8F2E26215} = {2EC38097-9623-48A5-96C6-9778D04DDF5C}
		{5FA9501D-B021-413E-B2DD-E35EA69A10E5} = {0C5DBA52-D785-483D-A2BD-B3B8F2E26215}
		{877B6F02-8138-431F-99C9-AAE0AC377C8F} = {0C5DBA52-D785-483D-A2BD-B3B8F2E26215}
		{ED5E52BD-B5B8-4AE1-9AB2-14F696439CD3} = {2EC38097-9623-48A5-96C6-9778D04DDF5C}
		{A3AB69F6-7BB6-4AB2-8117-58346B892435} = {2EC38097-9623-48A5-96C6-9778D04DDF5C}
		{26746063-DA31-4124-BD82-035D248DD0EB} = {2EC38097-9623-48A5-96C6-9778D04DDF5C}
		{795F2254-4758-40CF-B508-E087542A59AD} = {26746063-DA31-4124-BD82-035D248DD0EB}
		{2C19D6AB-5A44-43DF-958D-EA20B0051711} = {26746063-DA31-4124-BD82-035D248DD0EB}
		{F3A336BB-330D-4C3B-9B75-C36802DC4162} = {2EC38097-9623-48A5-96C6-9778D04DDF5C}
		{8A2A6D2C-250D-08A6-D899-F79F03468658} = {153BDCB8-6E62-4BB4-A8FD-DD4B6A8FB0AE}
		{A1B2C3D4-E5F6-7890-ABCD-EF1234567890} = {153BDCB8-6E62-4BB4-A8FD-DD4B6A8FB0AE}
		{102E1760-EED6-1AC1-20BE-4878DC991C2E} = {02EA681E-C7D8-13C7-8484-4AC65E1B71E8}
		{E487A791-718A-7A40-052A-F010BDF16740} = {02EA681E-C7D8-13C7-8484-4AC65E1B71E8}
		{02EA681E-C7D8-13C7-8484-4AC65E1B71E8} = {2EC38097-9623-48A5-96C6-9778D04DDF5C}
	EndGlobalSection
	GlobalSection(ExtensibilityGlobals) = postSolution
		SolutionGuid = {81BA222A-92A3-4089-907D-3CB8EF40BC2D}
	EndGlobalSection
EndGlobal
